%{
  "cubdb": {:hex, :cubdb, "2.0.1", "24cab8fb4128df704c52ed641f5ed70af352f7a3a80cebbb44c3bbadc3fd5f45", [:mix], [], "hexpm", "57cf25aebfc34f4580d9075da06882b4fe3e0739f5353d4dcc213e9cc1b10cdf"},
  "uniq": {:hex, :uniq, "0.5.3", "d9d54dac49fa4bb4b7fff0dd050281a8ded507813396de0507196347ecf53be1", [:mix], [{:ecto, "~> 3.0", [hex: :ecto, repo: "hexpm", optional: true]}], "hexpm", "6961e04cb62227f9f5fae3d8e26eede990826b885ba6e2f33973222cc856f2fb"},
}
